
Microsoft Visual Studio Solution File, Format Version 12.00
# Visual Studio Version 16
VisualStudioVersion = 16.0.30907.101
MinimumVisualStudioVersion = 10.0.40219.1
Project("{FAE04EC0-301F-11D3-BF4B-00C04F79EFBC}") = "AdoSqlDataAdapterAndDataSet", "AdoSqlDataAdapterAndDataSet\AdoSqlDataAdapterAndDataSet.csproj", "{8F263FD5-1FB3-493B-A54F-F9C8CD117E4B}"
EndProject
Global
	GlobalSection(SolutionConfigurationPlatforms) = preSolution
		Debug|Any CPU = Debug|Any CPU
		Release|Any CPU = Release|Any CPU
	EndGlobalSection
	GlobalSection(ProjectConfigurationPlatforms) = postSolution
		{8F263FD5-1FB3-493B-A54F-F9C8CD117E4B}.Debug|Any CPU.ActiveCfg = Debug|Any CPU
		{8F263FD5-1FB3-493B-A54F-F9C8CD117E4B}.Debug|Any CPU.Build.0 = Debug|Any CPU
		{8F263FD5-1FB3-493B-A54F-F9C8CD117E4B}.Release|Any CPU.ActiveCfg = Release|Any CPU
		{8F263FD5-1FB3-493B-A54F-F9C8CD117E4B}.Release|Any CPU.Build.0 = Release|Any CPU
	EndGlobalSection
	GlobalSection(SolutionProperties) = preSolution
		HideSolutionNode = FALSE
	EndGlobalSection
	GlobalSection(ExtensibilityGlobals) = postSolution
		SolutionGuid = {90F026FC-59BF-4FFA-B91F-76876AD218E7}
	EndGlobalSection
EndGlobal
